<?xml version="1.0" encoding="utf-8"?>
<Project ToolsVersion="4.0" xmlns="http://schemas.microsoft.com/developer/msbuild/2003">
  <ItemGroup>
    <Filter Include="Header Files">
      <UniqueIdentifier>{93995380-89BD-4b04-88EB-625FBE52EBFB}</UniqueIdentifier>
      <Extensions>h;hh;hpp;hxx;hm;inl;inc;ipp;xsd</Extensions>
    </Filter>
    <Filter Include="Resource Files">
      <UniqueIdentifier>{67DA6AB6-F800-4c08-8B7A-83BB121AAD01}</UniqueIdentifier>
      <Extensions>rc;ico;cur;bmp;dlg;rc2;rct;bin;rgs;gif;jpg;jpeg;jpe;resx;tiff;tif;png;wav;mfcribbon-ms</Extensions>
    </Filter>
    <Filter Include="Source Files">
      <UniqueIdentifier>{4FC737F1-C7A5-4376-A066-2A32D752A2FF}</UniqueIdentifier>
      <Extensions>cpp;c;cc;cxx;def;odl;idl;hpj;bat;asm;asmx</Extensions>
    </Filter>
  </ItemGroup>
  <ItemGroup>
    <ClCompile Include="source\code\GJK.cpp">
      <Filter>Source Files</Filter>
    </ClCompile>
    <ClCompile Include="source\code\Ray.cpp">
      <Filter>Source Files</Filter>
    </ClCompile>
    <ClCompile Include="source\code\GameTime.cpp">
      <Filter>Source Files</Filter>
    </ClCompile>
    <ClCompile Include="source\code\PrecompiledHeader.cpp">
      <Filter>Source Files</Filter>
    </ClCompile>
    <ClCompile Include="source\code\ParticleCollision.cpp">
      <Filter>Source Files</Filter>
    </ClCompile>
    <ClCompile Include="source\code\colliders\BoxCollider.cpp">
      <Filter>Source Files</Filter>
    </ClCompile>
    <ClCompile Include="source\code\colliders\CapsuleCollider.cpp">
      <Filter>Source Files</Filter>
    </ClCompile>
    <ClCompile Include="source\code\colliders\Collider.cpp">
      <Filter>Source Files</Filter>
    </ClCompile>
    <ClCompile Include="source\code\colliders\ConvexShapeCollider.cpp">
      <Filter>Source Files</Filter>
    </ClCompile>
    <ClCompile Include="source\code\colliders\SphereCollider.cpp">
      <Filter>Source Files</Filter>
    </ClCompile>
    <ClCompile Include="source\code\entities\Particle.cpp">
      <Filter>Source Files</Filter>
    </ClCompile>
    <ClCompile Include="source\code\entities\Rigidbody.cpp">
      <Filter>Source Files</Filter>
    </ClCompile>
    <ClCompile Include="source\code\log\LogManager.cpp">
      <Filter>Source Files</Filter>
    </ClCompile>
    <ClCompile Include="source\code\math\Mat3.cpp">
      <Filter>Source Files</Filter>
    </ClCompile>
    <ClCompile Include="source\code\math\Vector3D.cpp">
      <Filter>Source Files</Filter>
    </ClCompile>
    <ClCompile Include="source\code\utils\CollisionUtil.cpp">
      <Filter>Source Files</Filter>
    </ClCompile>
    <ClCompile Include="source\code\utils\PhysicsUtil.cpp">
      <Filter>Source Files</Filter>
    </ClCompile>
    <ClCompile Include="source\code\ParticleCoupling.cpp">
      <Filter>Source Files</Filter>
    </ClCompile>
    <ClCompile Include="source\code\ParticleCollisionResolver.cpp">
      <Filter>Source Files</Filter>
    </ClCompile>
    <ClCompile Include="source\code\ParticleCableCoupling.cpp">
      <Filter>Source Files</Filter>
    </ClCompile>
    <ClCompile Include="source\code\ParticleManager.cpp">
      <Filter>Source Files</Filter>
    </ClCompile>
    <ClCompile Include="source\code\ParticleRodCoupling.cpp">
      <Filter>Source Files</Filter>
    </ClCompile>
    <ClCompile Include="source\code\forceGenerators\RigidbodyGenerators\rb_AnchoredSpringForceGenerator.cpp">
      <Filter>Source Files</Filter>
    </ClCompile>
    <ClCompile Include="source\code\forceGenerators\RigidbodyGenerators\rb_BungeeSpringForceGenerator.cpp">
      <Filter>Source Files</Filter>
    </ClCompile>
    <ClCompile Include="source\code\forceGenerators\RigidbodyGenerators\rb_BuoyancyForceGenerator.cpp">
      <Filter>Source Files</Filter>
    </ClCompile>
    <ClCompile Include="source\code\forceGenerators\RigidbodyGenerators\rb_DefaultSpringForceGenerator.cpp">
      <Filter>Source Files</Filter>
    </ClCompile>
    <ClCompile Include="source\code\forceGenerators\RigidbodyGenerators\rb_DragForceGenerator.cpp">
      <Filter>Source Files</Filter>
    </ClCompile>
    <ClCompile Include="source\code\forceGenerators\RigidbodyGenerators\rb_ForceGenerationRegistry.cpp">
      <Filter>Source Files</Filter>
    </ClCompile>
    <ClCompile Include="source\code\forceGenerators\RigidbodyGenerators\rb_GravityForceGenerator.cpp">
      <Filter>Source Files</Filter>
    </ClCompile>
    <ClCompile Include="source\code\forceGenerators\RigidbodyGenerators\rb_StiffSpringForceGenerator.cpp">
      <Filter>Source Files</Filter>
    </ClCompile>
    <ClCompile Include="source\code\forceGenerators\ParticleGenerators\p_AnchoredSpringForceGenerator.cpp">
      <Filter>Source Files</Filter>
    </ClCompile>
    <ClCompile Include="source\code\forceGenerators\ParticleGenerators\p_BungeeSpringForceGenerator.cpp">
      <Filter>Source Files</Filter>
    </ClCompile>
    <ClCompile Include="source\code\forceGenerators\ParticleGenerators\p_BuoyancyForceGenerator.cpp">
      <Filter>Source Files</Filter>
    </ClCompile>
    <ClCompile Include="source\code\forceGenerators\ParticleGenerators\p_DefaultSpringForceGenerator.cpp">
      <Filter>Source Files</Filter>
    </ClCompile>
    <ClCompile Include="source\code\forceGenerators\ParticleGenerators\p_DragForceGenerator.cpp">
      <Filter>Source Files</Filter>
    </ClCompile>
    <ClCompile Include="source\code\forceGenerators\ParticleGenerators\p_GravityForceGenerator.cpp">
      <Filter>Source Files</Filter>
    </ClCompile>
    <ClCompile Include="source\code\forceGenerators\ParticleGenerators\p_StiffSpringForceGenerator.cpp">
      <Filter>Source Files</Filter>
    </ClCompile>
    <ClCompile Include="source\code\forceGenerators\ParticleGenerators\p_ForceGenerationRegistry.cpp">
      <Filter>Source Files</Filter>
    </ClCompile>
    <ClCompile Include="source\code\entities\Body.cpp">
      <Filter>Source Files</Filter>
    </ClCompile>
    <ClCompile Include="source\code\RigidbodyManager.cpp">
      <Filter>Source Files</Filter>
    </ClCompile>
    <ClCompile Include="source\code\colliders\BVHNode.cpp">
      <Filter>Source Files</Filter>
    </ClCompile>
    <ClCompile Include="source\code\colliders\CollisionSystem.cpp">
      <Filter>Source Files</Filter>
    </ClCompile>
    <ClCompile Include="source\Renderer\Shader.cpp">
      <Filter>Source Files</Filter>
    </ClCompile>
    <ClCompile Include="source\Renderer\SimpleRenderer.cpp">
      <Filter>Source Files</Filter>
    </ClCompile>
    <ClCompile Include="source\Renderer\Camera.cpp">
      <Filter>Source Files</Filter>
    </ClCompile>
    <ClCompile Include="source\Renderer\Window.cpp">
      <Filter>Source Files</Filter>
    </ClCompile>
    <ClCompile Include="source\Demos\CollisionDemo.cpp">
      <Filter>Source Files</Filter>
    </ClCompile>
    <ClCompile Include="source\Demos\ProjectileDemo.cpp">
      <Filter>Source Files</Filter>
    </ClCompile>
    <ClCompile Include="source\Demos\PhysicsDemos.cpp">
      <Filter>Source Files</Filter>
    </ClCompile>
    <ClCompile Include="source\Renderer\Input\InputSystem.cpp">
      <Filter>Source Files</Filter>
    </ClCompile>
    <ClCompile Include="source\Demos\Demo.cpp">
      <Filter>Source Files</Filter>
    </ClCompile>
    <ClCompile Include="source\Renderer\Application.cpp">
      <Filter>Source Files</Filter>
    </ClCompile>
    <ClCompile Include="source\Libraries\glad\src\glad.c">
      <Filter>Source Files</Filter>
    </ClCompile>
  </ItemGroup>
  <ItemGroup>
    <ClInclude Include="source\headers\Defs.h">
      <Filter>Header Files</Filter>
    </ClInclude>
    <ClInclude Include="source\headers\MTRX.h">
      <Filter>Header Files</Filter>
    </ClInclude>
    <ClInclude Include="source\headers\GJK.h">
      <Filter>Header Files</Filter>
    </ClInclude>
    <ClInclude Include="source\headers\Ray.h">
      <Filter>Header Files</Filter>
    </ClInclude>
    <ClInclude Include="source\headers\GameTime.h">
      <Filter>Header Files</Filter>
    </ClInclude>
    <ClInclude Include="source\headers\IUpdateable.h">
      <Filter>Header Files</Filter>
    </ClInclude>
    <ClInclude Include="source\headers\PrecompiledHeader.h">
      <Filter>Header Files</Filter>
    </ClInclude>
    <ClInclude Include="source\headers\ParticleCollision.h">
      <Filter>Header Files</Filter>
    </ClInclude>
    <ClInclude Include="source\headers\colliders\BoxCollider.h">
      <Filter>Header Files</Filter>
    </ClInclude>
    <ClInclude Include="source\headers\colliders\CapsuleCollider.h">
      <Filter>Header Files</Filter>
    </ClInclude>
    <ClInclude Include="source\headers\colliders\Collider.h">
      <Filter>Header Files</Filter>
    </ClInclude>
    <ClInclude Include="source\headers\colliders\ConvexShapeCollider.h">
      <Filter>Header Files</Filter>
    </ClInclude>
    <ClInclude Include="source\headers\colliders\SphereCollider.h">
      <Filter>Header Files</Filter>
    </ClInclude>
    <ClInclude Include="source\headers\entities\Particle.h">
      <Filter>Header Files</Filter>
    </ClInclude>
    <ClInclude Include="source\headers\entities\Rigidbody.h">
      <Filter>Header Files</Filter>
    </ClInclude>
    <ClInclude Include="source\headers\log\LogManager.h">
      <Filter>Header Files</Filter>
    </ClInclude>
    <ClInclude Include="source\headers\math\Mat3.h">
      <Filter>Header Files</Filter>
    </ClInclude>
    <ClInclude Include="source\headers\math\Vector3D.h">
      <Filter>Header Files</Filter>
    </ClInclude>
    <ClInclude Include="source\headers\utils\CollisionUtil.h">
      <Filter>Header Files</Filter>
    </ClInclude>
    <ClInclude Include="source\headers\utils\PhysicsUtil.h">
      <Filter>Header Files</Filter>
    </ClInclude>
    <ClInclude Include="source\headers\ParticleCollisionResolver.h">
      <Filter>Header Files</Filter>
    </ClInclude>
    <ClInclude Include="source\headers\ParticleCoupling.h">
      <Filter>Header Files</Filter>
    </ClInclude>
    <ClInclude Include="source\headers\ParticleCableCoupling.h">
      <Filter>Header Files</Filter>
    </ClInclude>
    <ClInclude Include="source\headers\ParticleCollisionGenerator.h">
      <Filter>Header Files</Filter>
    </ClInclude>
    <ClInclude Include="source\headers\ParticleManager.h">
      <Filter>Header Files</Filter>
    </ClInclude>
    <ClInclude Include="source\headers\ParticleRodCoupling.h">
      <Filter>Header Files</Filter>
    </ClInclude>
    <ClInclude Include="source\headers\entities\Body.h">
      <Filter>Header Files</Filter>
    </ClInclude>
    <ClInclude Include="source\headers\forceGenerators\RigidbodyGenerators\IRigidbodyForceGenerator.h">
      <Filter>Header Files</Filter>
    </ClInclude>
    <ClInclude Include="source\headers\forceGenerators\RigidbodyGenerators\rb_BungeeSpringForceGenerator.h">
      <Filter>Header Files</Filter>
    </ClInclude>
    <ClInclude Include="source\headers\forceGenerators\RigidbodyGenerators\rb_AnchoredSpringForceGenerator.h">
      <Filter>Header Files</Filter>
    </ClInclude>
    <ClInclude Include="source\headers\forceGenerators\RigidbodyGenerators\rb_GravityForceGenerator.h">
      <Filter>Header Files</Filter>
    </ClInclude>
    <ClInclude Include="source\headers\forceGenerators\RigidbodyGenerators\rb_ForceGenerationRegistry.h">
      <Filter>Header Files</Filter>
    </ClInclude>
    <ClInclude Include="source\headers\forceGenerators\RigidbodyGenerators\rb_DragForceGenerator.h">
      <Filter>Header Files</Filter>
    </ClInclude>
    <ClInclude Include="source\headers\forceGenerators\RigidbodyGenerators\rb_DefaultSpringForceGenerator.h">
      <Filter>Header Files</Filter>
    </ClInclude>
    <ClInclude Include="source\headers\forceGenerators\RigidbodyGenerators\rb_BuoyancyForceGenerator.h">
      <Filter>Header Files</Filter>
    </ClInclude>
    <ClInclude Include="source\headers\forceGenerators\RigidbodyGenerators\rb_StiffSpringForceGenerator.h">
      <Filter>Header Files</Filter>
    </ClInclude>
    <ClInclude Include="source\headers\forceGenerators\ParticleGenerators\IParticleForceGenerator.h">
      <Filter>Header Files</Filter>
    </ClInclude>
    <ClInclude Include="source\headers\forceGenerators\ParticleGenerators\p_AnchoredSpringForceGenerator.h">
      <Filter>Header Files</Filter>
    </ClInclude>
    <ClInclude Include="source\headers\forceGenerators\ParticleGenerators\p_BungeeSpringForceGenerator.h">
      <Filter>Header Files</Filter>
    </ClInclude>
    <ClInclude Include="source\headers\forceGenerators\ParticleGenerators\p_BuoyancyForceGenerator.h">
      <Filter>Header Files</Filter>
    </ClInclude>
    <ClInclude Include="source\headers\forceGenerators\ParticleGenerators\p_DefaultSpringForceGenerator.h">
      <Filter>Header Files</Filter>
    </ClInclude>
    <ClInclude Include="source\headers\forceGenerators\ParticleGenerators\p_DragForceGenerator.h">
      <Filter>Header Files</Filter>
    </ClInclude>
    <ClInclude Include="source\headers\forceGenerators\ParticleGenerators\p_ForceGenerationRegistry.h">
      <Filter>Header Files</Filter>
    </ClInclude>
    <ClInclude Include="source\headers\forceGenerators\ParticleGenerators\p_GravityForceGenerator.h">
      <Filter>Header Files</Filter>
    </ClInclude>
    <ClInclude Include="source\headers\forceGenerators\ParticleGenerators\p_StiffSpringForceGenerator.h">
      <Filter>Header Files</Filter>
    </ClInclude>
    <ClInclude Include="source\headers\RigidbodyManager.h">
      <Filter>Header Files</Filter>
    </ClInclude>
    <ClInclude Include="source\headers\IBoundingVolume.h">
      <Filter>Header Files</Filter>
    </ClInclude>
    <ClInclude Include="source\headers\colliders\BVHNode.h">
      <Filter>Header Files</Filter>
    </ClInclude>
    <ClInclude Include="source\headers\colliders\CollisionSystem.h">
      <Filter>Header Files</Filter>
    </ClInclude>
    <ClInclude Include="source\Renderer\Window.h">
      <Filter>Header Files</Filter>
    </ClInclude>
    <ClInclude Include="source\Renderer\Shader.h">
      <Filter>Header Files</Filter>
    </ClInclude>
    <ClInclude Include="source\Renderer\SimpleRenderer.h">
      <Filter>Header Files</Filter>
    </ClInclude>
    <ClInclude Include="source\Renderer\Camera.h">
      <Filter>Header Files</Filter>
    </ClInclude>
    <ClInclude Include="source\Demos\ProjectileDemo.h">
      <Filter>Header Files</Filter>
    </ClInclude>
    <ClInclude Include="source\Demos\CollisionDemo.h">
      <Filter>Header Files</Filter>
    </ClInclude>
    <ClInclude Include="source\Renderer\Input\InputSystem.h">
      <Filter>Header Files</Filter>
    </ClInclude>
    <ClInclude Include="source\Demos\Demo.h">
      <Filter>Header Files</Filter>
    </ClInclude>
    <ClInclude Include="source\Renderer\Application.h">
      <Filter>Header Files</Filter>
    </ClInclude>
    <ClInclude Include="source\Libraries\glad\include\glad\glad.h">
      <Filter>Header Files</Filter>
    </ClInclude>
    <ClInclude Include="source\Libraries\glad\include\KHR\khrplatform.h">
      <Filter>Header Files</Filter>
    </ClInclude>
    <ClInclude Include="source\Libraries\glm\glm\ext\vec1.hpp">
      <Filter>Header Files</Filter>
    </ClInclude>
    <ClInclude Include="source\Libraries\glm\glm\ext\vector_relational.hpp">
      <Filter>Header Files</Filter>
    </ClInclude>
    <ClInclude Include="source\Libraries\glm\glm\gtc\bitfield.hpp">
      <Filter>Header Files</Filter>
    </ClInclude>
    <ClInclude Include="source\Libraries\glm\glm\gtc\color_space.hpp">
      <Filter>Header Files</Filter>
    </ClInclude>
    <ClInclude Include="source\Libraries\glm\glm\gtc\constants.hpp">
      <Filter>Header Files</Filter>
    </ClInclude>
    <ClInclude Include="source\Libraries\glm\glm\gtc\epsilon.hpp">
      <Filter>Header Files</Filter>
    </ClInclude>
    <ClInclude Include="source\Libraries\glm\glm\gtc\integer.hpp">
      <Filter>Header Files</Filter>
    </ClInclude>
    <ClInclude Include="source\Libraries\glm\glm\gtc\matrix_access.hpp">
      <Filter>Header Files</Filter>
    </ClInclude>
    <ClInclude Include="source\Libraries\glm\glm\gtc\matrix_integer.hpp">
      <Filter>Header Files</Filter>
    </ClInclude>
    <ClInclude Include="source\Libraries\glm\glm\gtc\matrix_inverse.hpp">
      <Filter>Header Files</Filter>
    </ClInclude>
    <ClInclude Include="source\Libraries\glm\glm\gtc\matrix_transform.hpp">
      <Filter>Header Files</Filter>
    </ClInclude>
    <ClInclude Include="source\Libraries\glm\glm\gtc\noise.hpp">
      <Filter>Header Files</Filter>
    </ClInclude>
    <ClInclude Include="source\Libraries\glm\glm\gtc\packing.hpp">
      <Filter>Header Files</Filter>
    </ClInclude>
    <ClInclude Include="source\Libraries\glm\glm\gtc\quaternion.hpp">
      <Filter>Header Files</Filter>
    </ClInclude>
    <ClInclude Include="source\Libraries\glm\glm\gtc\random.hpp">
      <Filter>Header Files</Filter>
    </ClInclude>
    <ClInclude Include="source\Libraries\glm\glm\gtc\reciprocal.hpp">
      <Filter>Header Files</Filter>
    </ClInclude>
    <ClInclude Include="source\Libraries\glm\glm\gtc\round.hpp">
      <Filter>Header Files</Filter>
    </ClInclude>
    <ClInclude Include="source\Libraries\glm\glm\gtc\type_aligned.hpp">
      <Filter>Header Files</Filter>
    </ClInclude>
    <ClInclude Include="source\Libraries\glm\glm\gtc\type_precision.hpp">
      <Filter>Header Files</Filter>
    </ClInclude>
    <ClInclude Include="source\Libraries\glm\glm\gtc\type_ptr.hpp">
      <Filter>Header Files</Filter>
    </ClInclude>
    <ClInclude Include="source\Libraries\glm\glm\gtc\ulp.hpp">
      <Filter>Header Files</Filter>
    </ClInclude>
    <ClInclude Include="source\Libraries\glm\glm\gtc\vec1.hpp">
      <Filter>Header Files</Filter>
    </ClInclude>
    <ClInclude Include="source\Libraries\glm\glm\gtx\associated_min_max.hpp">
      <Filter>Header Files</Filter>
    </ClInclude>
    <ClInclude Include="source\Libraries\glm\glm\gtx\bit.hpp">
      <Filter>Header Files</Filter>
    </ClInclude>
    <ClInclude Include="source\Libraries\glm\glm\gtx\closest_point.hpp">
      <Filter>Header Files</Filter>
    </ClInclude>
    <ClInclude Include="source\Libraries\glm\glm\gtx\color_encoding.hpp">
      <Filter>Header Files</Filter>
    </ClInclude>
    <ClInclude Include="source\Libraries\glm\glm\gtx\color_space.hpp">
      <Filter>Header Files</Filter>
    </ClInclude>
    <ClInclude Include="source\Libraries\glm\glm\gtx\color_space_YCoCg.hpp">
      <Filter>Header Files</Filter>
    </ClInclude>
    <ClInclude Include="source\Libraries\glm\glm\gtx\common.hpp">
      <Filter>Header Files</Filter>
    </ClInclude>
    <ClInclude Include="source\Libraries\glm\glm\gtx\compatibility.hpp">
      <Filter>Header Files</Filter>
    </ClInclude>
    <ClInclude Include="source\Libraries\glm\glm\gtx\component_wise.hpp">
      <Filter>Header Files</Filter>
    </ClInclude>
    <ClInclude Include="source\Libraries\glm\glm\gtx\dual_quaternion.hpp">
      <Filter>Header Files</Filter>
    </ClInclude>
    <ClInclude Include="source\Libraries\glm\glm\gtx\easing.hpp">
      <Filter>Header Files</Filter>
    </ClInclude>
    <ClInclude Include="source\Libraries\glm\glm\gtx\euler_angles.hpp">
      <Filter>Header Files</Filter>
    </ClInclude>
    <ClInclude Include="source\Libraries\glm\glm\gtx\extend.hpp">
      <Filter>Header Files</Filter>
    </ClInclude>
    <ClInclude Include="source\Libraries\glm\glm\gtx\extended_min_max.hpp">
      <Filter>Header Files</Filter>
    </ClInclude>
    <ClInclude Include="source\Libraries\glm\glm\gtx\exterior_product.hpp">
      <Filter>Header Files</Filter>
    </ClInclude>
    <ClInclude Include="source\Libraries\glm\glm\gtx\fast_exponential.hpp">
      <Filter>Header Files</Filter>
    </ClInclude>
    <ClInclude Include="source\Libraries\glm\glm\gtx\fast_square_root.hpp">
      <Filter>Header Files</Filter>
    </ClInclude>
    <ClInclude Include="source\Libraries\glm\glm\gtx\fast_trigonometry.hpp">
      <Filter>Header Files</Filter>
    </ClInclude>
    <ClInclude Include="source\Libraries\glm\glm\gtx\functions.hpp">
      <Filter>Header Files</Filter>
    </ClInclude>
    <ClInclude Include="source\Libraries\glm\glm\gtx\gradient_paint.hpp">
      <Filter>Header Files</Filter>
    </ClInclude>
    <ClInclude Include="source\Libraries\glm\glm\gtx\handed_coordinate_space.hpp">
      <Filter>Header Files</Filter>
    </ClInclude>
    <ClInclude Include="source\Libraries\glm\glm\gtx\hash.hpp">
      <Filter>Header Files</Filter>
    </ClInclude>
    <ClInclude Include="source\Libraries\glm\glm\gtx\integer.hpp">
      <Filter>Header Files</Filter>
    </ClInclude>
    <ClInclude Include="source\Libraries\glm\glm\gtx\intersect.hpp">
      <Filter>Header Files</Filter>
    </ClInclude>
    <ClInclude Include="source\Libraries\glm\glm\gtx\io.hpp">
      <Filter>Header Files</Filter>
    </ClInclude>
    <ClInclude Include="source\Libraries\glm\glm\gtx\log_base.hpp">
      <Filter>Header Files</Filter>
    </ClInclude>
    <ClInclude Include="source\Libraries\glm\glm\gtx\matrix_cross_product.hpp">
      <Filter>Header Files</Filter>
    </ClInclude>
    <ClInclude Include="source\Libraries\glm\glm\gtx\matrix_decompose.hpp">
      <Filter>Header Files</Filter>
    </ClInclude>
    <ClInclude Include="source\Libraries\glm\glm\gtx\matrix_factorisation.hpp">
      <Filter>Header Files</Filter>
    </ClInclude>
    <ClInclude Include="source\Libraries\glm\glm\gtx\matrix_interpolation.hpp">
      <Filter>Header Files</Filter>
    </ClInclude>
    <ClInclude Include="source\Libraries\glm\glm\gtx\matrix_major_storage.hpp">
      <Filter>Header Files</Filter>
    </ClInclude>
    <ClInclude Include="source\Libraries\glm\glm\gtx\matrix_operation.hpp">
      <Filter>Header Files</Filter>
    </ClInclude>
    <ClInclude Include="source\Libraries\glm\glm\gtx\matrix_query.hpp">
      <Filter>Header Files</Filter>
    </ClInclude>
    <ClInclude Include="source\Libraries\glm\glm\gtx\matrix_transform_2d.hpp">
      <Filter>Header Files</Filter>
    </ClInclude>
    <ClInclude Include="source\Libraries\glm\glm\gtx\mixed_product.hpp">
      <Filter>Header Files</Filter>
    </ClInclude>
    <ClInclude Include="source\Libraries\glm\glm\gtx\norm.hpp">
      <Filter>Header Files</Filter>
    </ClInclude>
    <ClInclude Include="source\Libraries\glm\glm\gtx\normal.hpp">
      <Filter>Header Files</Filter>
    </ClInclude>
    <ClInclude Include="source\Libraries\glm\glm\gtx\normalize_dot.hpp">
      <Filter>Header Files</Filter>
    </ClInclude>
    <ClInclude Include="source\Libraries\glm\glm\gtx\number_precision.hpp">
      <Filter>Header Files</Filter>
    </ClInclude>
    <ClInclude Include="source\Libraries\glm\glm\gtx\optimum_pow.hpp">
      <Filter>Header Files</Filter>
    </ClInclude>
    <ClInclude Include="source\Libraries\glm\glm\gtx\orthonormalize.hpp">
      <Filter>Header Files</Filter>
    </ClInclude>
    <ClInclude Include="source\Libraries\glm\glm\gtx\perpendicular.hpp">
      <Filter>Header Files</Filter>
    </ClInclude>
    <ClInclude Include="source\Libraries\glm\glm\gtx\polar_coordinates.hpp">
      <Filter>Header Files</Filter>
    </ClInclude>
    <ClInclude Include="source\Libraries\glm\glm\gtx\projection.hpp">
      <Filter>Header Files</Filter>
    </ClInclude>
    <ClInclude Include="source\Libraries\glm\glm\gtx\quaternion.hpp">
      <Filter>Header Files</Filter>
    </ClInclude>
    <ClInclude Include="source\Libraries\glm\glm\gtx\range.hpp">
      <Filter>Header Files</Filter>
    </ClInclude>
    <ClInclude Include="source\Libraries\glm\glm\gtx\raw_data.hpp">
      <Filter>Header Files</Filter>
    </ClInclude>
    <ClInclude Include="source\Libraries\glm\glm\gtx\rotate_normalized_axis.hpp">
      <Filter>Header Files</Filter>
    </ClInclude>
    <ClInclude Include="source\Libraries\glm\glm\gtx\rotate_vector.hpp">
      <Filter>Header Files</Filter>
    </ClInclude>
    <ClInclude Include="source\Libraries\glm\glm\gtx\scalar_multiplication.hpp">
      <Filter>Header Files</Filter>
    </ClInclude>
    <ClInclude Include="source\Libraries\glm\glm\gtx\scalar_relational.hpp">
      <Filter>Header Files</Filter>
    </ClInclude>
    <ClInclude Include="source\Libraries\glm\glm\gtx\spline.hpp">
      <Filter>Header Files</Filter>
    </ClInclude>
    <ClInclude Include="source\Libraries\glm\glm\gtx\std_based_type.hpp">
      <Filter>Header Files</Filter>
    </ClInclude>
    <ClInclude Include="source\Libraries\glm\glm\gtx\string_cast.hpp">
      <Filter>Header Files</Filter>
    </ClInclude>
    <ClInclude Include="source\Libraries\glm\glm\gtx\texture.hpp">
      <Filter>Header Files</Filter>
    </ClInclude>
    <ClInclude Include="source\Libraries\glm\glm\gtx\transform.hpp">
      <Filter>Header Files</Filter>
    </ClInclude>
    <ClInclude Include="source\Libraries\glm\glm\gtx\transform2.hpp">
      <Filter>Header Files</Filter>
    </ClInclude>
    <ClInclude Include="source\Libraries\glm\glm\gtx\type_aligned.hpp">
      <Filter>Header Files</Filter>
    </ClInclude>
    <ClInclude Include="source\Libraries\glm\glm\gtx\type_trait.hpp">
      <Filter>Header Files</Filter>
    </ClInclude>
    <ClInclude Include="source\Libraries\glm\glm\gtx\vec_swizzle.hpp">
      <Filter>Header Files</Filter>
    </ClInclude>
    <ClInclude Include="source\Libraries\glm\glm\gtx\vector_angle.hpp">
      <Filter>Header Files</Filter>
    </ClInclude>
    <ClInclude Include="source\Libraries\glm\glm\gtx\vector_query.hpp">
      <Filter>Header Files</Filter>
    </ClInclude>
    <ClInclude Include="source\Libraries\glm\glm\gtx\wrap.hpp">
      <Filter>Header Files</Filter>
    </ClInclude>
    <ClInclude Include="source\Libraries\glm\glm\simd\common.h">
      <Filter>Header Files</Filter>
    </ClInclude>
    <ClInclude Include="source\Libraries\glm\glm\simd\exponential.h">
      <Filter>Header Files</Filter>
    </ClInclude>
    <ClInclude Include="source\Libraries\glm\glm\simd\geometric.h">
      <Filter>Header Files</Filter>
    </ClInclude>
    <ClInclude Include="source\Libraries\glm\glm\simd\integer.h">
      <Filter>Header Files</Filter>
    </ClInclude>
    <ClInclude Include="source\Libraries\glm\glm\simd\matrix.h">
      <Filter>Header Files</Filter>
    </ClInclude>
    <ClInclude Include="source\Libraries\glm\glm\simd\packing.h">
      <Filter>Header Files</Filter>
    </ClInclude>
    <ClInclude Include="source\Libraries\glm\glm\simd\platform.h">
      <Filter>Header Files</Filter>
    </ClInclude>
    <ClInclude Include="source\Libraries\glm\glm\simd\trigonometric.h">
      <Filter>Header Files</Filter>
    </ClInclude>
    <ClInclude Include="source\Libraries\glm\glm\simd\vector_relational.h">
      <Filter>Header Files</Filter>
    </ClInclude>
    <ClInclude Include="source\Libraries\glm\glm\common.hpp">
      <Filter>Header Files</Filter>
    </ClInclude>
    <ClInclude Include="source\Libraries\glm\glm\exponential.hpp">
      <Filter>Header Files</Filter>
    </ClInclude>
    <ClInclude Include="source\Libraries\glm\glm\ext.hpp">
      <Filter>Header Files</Filter>
    </ClInclude>
    <ClInclude Include="source\Libraries\glm\glm\fwd.hpp">
      <Filter>Header Files</Filter>
    </ClInclude>
    <ClInclude Include="source\Libraries\glm\glm\geometric.hpp">
      <Filter>Header Files</Filter>
    </ClInclude>
    <ClInclude Include="source\Libraries\glm\glm\glm.hpp">
      <Filter>Header Files</Filter>
    </ClInclude>
    <ClInclude Include="source\Libraries\glm\glm\integer.hpp">
      <Filter>Header Files</Filter>
    </ClInclude>
    <ClInclude Include="source\Libraries\glm\glm\mat2x2.hpp">
      <Filter>Header Files</Filter>
    </ClInclude>
    <ClInclude Include="source\Libraries\glm\glm\mat2x3.hpp">
      <Filter>Header Files</Filter>
    </ClInclude>
    <ClInclude Include="source\Libraries\glm\glm\mat2x4.hpp">
      <Filter>Header Files</Filter>
    </ClInclude>
    <ClInclude Include="source\Libraries\glm\glm\mat3x2.hpp">
      <Filter>Header Files</Filter>
    </ClInclude>
    <ClInclude Include="source\Libraries\glm\glm\mat3x3.hpp">
      <Filter>Header Files</Filter>
    </ClInclude>
    <ClInclude Include="source\Libraries\glm\glm\mat3x4.hpp">
      <Filter>Header Files</Filter>
    </ClInclude>
    <ClInclude Include="source\Libraries\glm\glm\mat4x2.hpp">
      <Filter>Header Files</Filter>
    </ClInclude>
    <ClInclude Include="source\Libraries\glm\glm\mat4x3.hpp">
      <Filter>Header Files</Filter>
    </ClInclude>
    <ClInclude Include="source\Libraries\glm\glm\mat4x4.hpp">
      <Filter>Header Files</Filter>
    </ClInclude>
    <ClInclude Include="source\Libraries\glm\glm\matrix.hpp">
      <Filter>Header Files</Filter>
    </ClInclude>
    <ClInclude Include="source\Libraries\glm\glm\packing.hpp">
      <Filter>Header Files</Filter>
    </ClInclude>
    <ClInclude Include="source\Libraries\glm\glm\trigonometric.hpp">
      <Filter>Header Files</Filter>
    </ClInclude>
    <ClInclude Include="source\Libraries\glm\glm\vec2.hpp">
      <Filter>Header Files</Filter>
    </ClInclude>
    <ClInclude Include="source\Libraries\glm\glm\vec3.hpp">
      <Filter>Header Files</Filter>
    </ClInclude>
    <ClInclude Include="source\Libraries\glm\glm\vec4.hpp">
      <Filter>Header Files</Filter>
    </ClInclude>
    <ClInclude Include="source\Libraries\glm\glm\vector_relational.hpp">
      <Filter>Header Files</Filter>
    </ClInclude>
    <ClInclude Include="source\Libraries\spdlog\include\spdlog\details\async_logger_impl.h">
      <Filter>Header Files</Filter>
    </ClInclude>
    <ClInclude Include="source\Libraries\spdlog\include\spdlog\details\circular_q.h">
      <Filter>Header Files</Filter>
    </ClInclude>
    <ClInclude Include="source\Libraries\spdlog\include\spdlog\details\console_globals.h">
      <Filter>Header Files</Filter>
    </ClInclude>
    <ClInclude Include="source\Libraries\spdlog\include\spdlog\details\file_helper.h">
      <Filter>Header Files</Filter>
    </ClInclude>
    <ClInclude Include="source\Libraries\spdlog\include\spdlog\details\fmt_helper.h">
      <Filter>Header Files</Filter>
    </ClInclude>
    <ClInclude Include="source\Libraries\spdlog\include\spdlog\details\log_msg.h">
      <Filter>Header Files</Filter>
    </ClInclude>
    <ClInclude Include="source\Libraries\spdlog\include\spdlog\details\logger_impl.h">
      <Filter>Header Files</Filter>
    </ClInclude>
    <ClInclude Include="source\Libraries\spdlog\include\spdlog\details\mpmc_blocking_q.h">
      <Filter>Header Files</Filter>
    </ClInclude>
    <ClInclude Include="source\Libraries\spdlog\include\spdlog\details\null_mutex.h">
      <Filter>Header Files</Filter>
    </ClInclude>
    <ClInclude Include="source\Libraries\spdlog\include\spdlog\details\os.h">
      <Filter>Header Files</Filter>
    </ClInclude>
    <ClInclude Include="source\Libraries\spdlog\include\spdlog\details\pattern_formatter.h">
      <Filter>Header Files</Filter>
    </ClInclude>
    <ClInclude Include="source\Libraries\spdlog\include\spdlog\details\periodic_worker.h">
      <Filter>Header Files</Filter>
    </ClInclude>
    <ClInclude Include="source\Libraries\spdlog\include\spdlog\details\registry.h">
      <Filter>Header Files</Filter>
    </ClInclude>
    <ClInclude Include="source\Libraries\spdlog\include\spdlog\details\thread_pool.h">
      <Filter>Header Files</Filter>
    </ClInclude>
    <ClInclude Include="source\Libraries\spdlog\include\spdlog\fmt\bundled\colors.h">
      <Filter>Header Files</Filter>
    </ClInclude>
    <ClInclude Include="source\Libraries\spdlog\include\spdlog\fmt\bundled\core.h">
      <Filter>Header Files</Filter>
    </ClInclude>
    <ClInclude Include="source\Libraries\spdlog\include\spdlog\fmt\bundled\format.h">
      <Filter>Header Files</Filter>
    </ClInclude>
    <ClInclude Include="source\Libraries\spdlog\include\spdlog\fmt\bundled\format-inl.h">
      <Filter>Header Files</Filter>
    </ClInclude>
    <ClInclude Include="source\Libraries\spdlog\include\spdlog\fmt\bundled\ostream.h">
      <Filter>Header Files</Filter>
    </ClInclude>
    <ClInclude Include="source\Libraries\spdlog\include\spdlog\fmt\bundled\posix.h">
      <Filter>Header Files</Filter>
    </ClInclude>
    <ClInclude Include="source\Libraries\spdlog\include\spdlog\fmt\bundled\printf.h">
      <Filter>Header Files</Filter>
    </ClInclude>
    <ClInclude Include="source\Libraries\spdlog\include\spdlog\fmt\bundled\ranges.h">
      <Filter>Header Files</Filter>
    </ClInclude>
    <ClInclude Include="source\Libraries\spdlog\include\spdlog\fmt\bundled\time.h">
      <Filter>Header Files</Filter>
    </ClInclude>
    <ClInclude Include="source\Libraries\spdlog\include\spdlog\fmt\bin_to_hex.h">
      <Filter>Header Files</Filter>
    </ClInclude>
    <ClInclude Include="source\Libraries\spdlog\include\spdlog\fmt\fmt.h">
      <Filter>Header Files</Filter>
    </ClInclude>
    <ClInclude Include="source\Libraries\spdlog\include\spdlog\fmt\ostr.h">
      <Filter>Header Files</Filter>
    </ClInclude>
    <ClInclude Include="source\Libraries\spdlog\include\spdlog\sinks\android_sink.h">
      <Filter>Header Files</Filter>
    </ClInclude>
    <ClInclude Include="source\Libraries\spdlog\include\spdlog\sinks\ansicolor_sink.h">
      <Filter>Header Files</Filter>
    </ClInclude>
    <ClInclude Include="source\Libraries\spdlog\include\spdlog\sinks\base_sink.h">
      <Filter>Header Files</Filter>
    </ClInclude>
    <ClInclude Include="source\Libraries\spdlog\include\spdlog\sinks\basic_file_sink.h">
      <Filter>Header Files</Filter>
    </ClInclude>
    <ClInclude Include="source\Libraries\spdlog\include\spdlog\sinks\daily_file_sink.h">
      <Filter>Header Files</Filter>
    </ClInclude>
    <ClInclude Include="source\Libraries\spdlog\include\spdlog\sinks\dist_sink.h">
      <Filter>Header Files</Filter>
    </ClInclude>
    <ClInclude Include="source\Libraries\spdlog\include\spdlog\sinks\msvc_sink.h">
      <Filter>Header Files</Filter>
    </ClInclude>
    <ClInclude Include="source\Libraries\spdlog\include\spdlog\sinks\null_sink.h">
      <Filter>Header Files</Filter>
    </ClInclude>
    <ClInclude Include="source\Libraries\spdlog\include\spdlog\sinks\ostream_sink.h">
      <Filter>Header Files</Filter>
    </ClInclude>
    <ClInclude Include="source\Libraries\spdlog\include\spdlog\sinks\rotating_file_sink.h">
      <Filter>Header Files</Filter>
    </ClInclude>
    <ClInclude Include="source\Libraries\spdlog\include\spdlog\sinks\sink.h">
      <Filter>Header Files</Filter>
    </ClInclude>
    <ClInclude Include="source\Libraries\spdlog\include\spdlog\sinks\stdout_color_sinks.h">
      <Filter>Header Files</Filter>
    </ClInclude>
    <ClInclude Include="source\Libraries\spdlog\include\spdlog\sinks\stdout_sinks.h">
      <Filter>Header Files</Filter>
    </ClInclude>
    <ClInclude Include="source\Libraries\spdlog\include\spdlog\sinks\syslog_sink.h">
      <Filter>Header Files</Filter>
    </ClInclude>
    <ClInclude Include="source\Libraries\spdlog\include\spdlog\sinks\wincolor_sink.h">
      <Filter>Header Files</Filter>
    </ClInclude>
    <ClInclude Include="source\Libraries\spdlog\include\spdlog\async.h">
      <Filter>Header Files</Filter>
    </ClInclude>
    <ClInclude Include="source\Libraries\spdlog\include\spdlog\async_logger.h">
      <Filter>Header Files</Filter>
    </ClInclude>
    <ClInclude Include="source\Libraries\spdlog\include\spdlog\common.h">
      <Filter>Header Files</Filter>
    </ClInclude>
    <ClInclude Include="source\Libraries\spdlog\include\spdlog\formatter.h">
      <Filter>Header Files</Filter>
    </ClInclude>
    <ClInclude Include="source\Libraries\spdlog\include\spdlog\logger.h">
      <Filter>Header Files</Filter>
    </ClInclude>
    <ClInclude Include="source\Libraries\spdlog\include\spdlog\spdlog.h">
      <Filter>Header Files</Filter>
    </ClInclude>
    <ClInclude Include="source\Libraries\spdlog\include\spdlog\tweakme.h">
      <Filter>Header Files</Filter>
    </ClInclude>
    <ClInclude Include="source\Libraries\spdlog\include\spdlog\version.h">
      <Filter>Header Files</Filter>
    </ClInclude>
    <ClInclude Include="source\Libraries\glfw\include\GLFW\glfw3.h">
      <Filter>Header Files</Filter>
    </ClInclude>
    <ClInclude Include="source\Libraries\glfw\include\GLFW\glfw3native.h">
      <Filter>Header Files</Filter>
    </ClInclude>
    <ClInclude Include="source\Libraries\glm\glm\detail\_features.hpp">
      <Filter>Header Files</Filter>
    </ClInclude>
    <ClInclude Include="source\Libraries\glm\glm\detail\_fixes.hpp">
      <Filter>Header Files</Filter>
    </ClInclude>
    <ClInclude Include="source\Libraries\glm\glm\detail\_noise.hpp">
      <Filter>Header Files</Filter>
    </ClInclude>
    <ClInclude Include="source\Libraries\glm\glm\detail\_swizzle.hpp">
      <Filter>Header Files</Filter>
    </ClInclude>
    <ClInclude Include="source\Libraries\glm\glm\detail\_swizzle_func.hpp">
      <Filter>Header Files</Filter>
    </ClInclude>
    <ClInclude Include="source\Libraries\glm\glm\detail\_vectorize.hpp">
      <Filter>Header Files</Filter>
    </ClInclude>
    <ClInclude Include="source\Libraries\glm\glm\detail\compute_vector_relational.hpp">
      <Filter>Header Files</Filter>
    </ClInclude>
    <ClInclude Include="source\Libraries\glm\glm\detail\qualifier.hpp">
      <Filter>Header Files</Filter>
    </ClInclude>
    <ClInclude Include="source\Libraries\glm\glm\detail\setup.hpp">
      <Filter>Header Files</Filter>
    </ClInclude>
    <ClInclude Include="source\Libraries\glm\glm\detail\type_float.hpp">
      <Filter>Header Files</Filter>
    </ClInclude>
    <ClInclude Include="source\Libraries\glm\glm\detail\type_gentype.hpp">
      <Filter>Header Files</Filter>
    </ClInclude>
    <ClInclude Include="source\Libraries\glm\glm\detail\type_half.hpp">
      <Filter>Header Files</Filter>
    </ClInclude>
    <ClInclude Include="source\Libraries\glm\glm\detail\type_int.hpp">
      <Filter>Header Files</Filter>
    </ClInclude>
    <ClInclude Include="source\Libraries\glm\glm\detail\type_mat.hpp">
      <Filter>Header Files</Filter>
    </ClInclude>
    <ClInclude Include="source\Libraries\glm\glm\detail\type_mat2x2.hpp">
      <Filter>Header Files</Filter>
    </ClInclude>
    <ClInclude Include="source\Libraries\glm\glm\detail\type_mat2x3.hpp">
      <Filter>Header Files</Filter>
    </ClInclude>
    <ClInclude Include="source\Libraries\glm\glm\detail\type_mat2x4.hpp">
      <Filter>Header Files</Filter>
    </ClInclude>
    <ClInclude Include="source\Libraries\glm\glm\detail\type_mat3x2.hpp">
      <Filter>Header Files</Filter>
    </ClInclude>
    <ClInclude Include="source\Libraries\glm\glm\detail\type_mat3x3.hpp">
      <Filter>Header Files</Filter>
    </ClInclude>
    <ClInclude Include="source\Libraries\glm\glm\detail\type_mat3x4.hpp">
      <Filter>Header Files</Filter>
    </ClInclude>
    <ClInclude Include="source\Libraries\glm\glm\detail\type_mat4x2.hpp">
      <Filter>Header Files</Filter>
    </ClInclude>
    <ClInclude Include="source\Libraries\glm\glm\detail\type_mat4x3.hpp">
      <Filter>Header Files</Filter>
    </ClInclude>
    <ClInclude Include="source\Libraries\glm\glm\detail\type_mat4x4.hpp">
      <Filter>Header Files</Filter>
    </ClInclude>
    <ClInclude Include="source\Libraries\glm\glm\detail\type_vec.hpp">
      <Filter>Header Files</Filter>
    </ClInclude>
    <ClInclude Include="source\Libraries\glm\glm\detail\type_vec1.hpp">
      <Filter>Header Files</Filter>
    </ClInclude>
    <ClInclude Include="source\Libraries\glm\glm\detail\type_vec2.hpp">
      <Filter>Header Files</Filter>
    </ClInclude>
    <ClInclude Include="source\Libraries\glm\glm\detail\type_vec3.hpp">
      <Filter>Header Files</Filter>
    </ClInclude>
    <ClInclude Include="source\Libraries\glm\glm\detail\type_vec4.hpp">
      <Filter>Header Files</Filter>
    </ClInclude>
    <ClInclude Include="source\headers\math\Transform.h">
      <Filter>Header Files</Filter>
    </ClInclude>
  </ItemGroup>
  <ItemGroup>
    <None Include="source\Renderer\shaders\BlinnPhong.vert" />
    <None Include="source\Renderer\shaders\BlinnPhong.frag" />
    <None Include="source\Libraries\glm\glm\ext\vec1.inl">
      <Filter>Header Files</Filter>
    </None>
    <None Include="source\Libraries\glm\glm\ext\vector_relational.inl">
      <Filter>Header Files</Filter>
    </None>
    <None Include="source\Libraries\glm\glm\gtc\bitfield.inl">
      <Filter>Header Files</Filter>
    </None>
    <None Include="source\Libraries\glm\glm\gtc\color_space.inl">
      <Filter>Header Files</Filter>
    </None>
    <None Include="source\Libraries\glm\glm\gtc\constants.inl">
      <Filter>Header Files</Filter>
    </None>
    <None Include="source\Libraries\glm\glm\gtc\epsilon.inl">
      <Filter>Header Files</Filter>
    </None>
    <None Include="source\Libraries\glm\glm\gtc\integer.inl">
      <Filter>Header Files</Filter>
    </None>
    <None Include="source\Libraries\glm\glm\gtc\matrix_access.inl">
      <Filter>Header Files</Filter>
    </None>
    <None Include="source\Libraries\glm\glm\gtc\matrix_inverse.inl">
      <Filter>Header Files</Filter>
    </None>
    <None Include="source\Libraries\glm\glm\gtc\matrix_transform.inl">
      <Filter>Header Files</Filter>
    </None>
    <None Include="source\Libraries\glm\glm\gtc\noise.inl">
      <Filter>Header Files</Filter>
    </None>
    <None Include="source\Libraries\glm\glm\gtc\packing.inl">
      <Filter>Header Files</Filter>
    </None>
    <None Include="source\Libraries\glm\glm\gtc\quaternion.inl">
      <Filter>Header Files</Filter>
    </None>
    <None Include="source\Libraries\glm\glm\gtc\quaternion_simd.inl">
      <Filter>Header Files</Filter>
    </None>
    <None Include="source\Libraries\glm\glm\gtc\random.inl">
      <Filter>Header Files</Filter>
    </None>
    <None Include="source\Libraries\glm\glm\gtc\reciprocal.inl">
      <Filter>Header Files</Filter>
    </None>
    <None Include="source\Libraries\glm\glm\gtc\round.inl">
      <Filter>Header Files</Filter>
    </None>
    <None Include="source\Libraries\glm\glm\gtc\type_precision.inl">
      <Filter>Header Files</Filter>
    </None>
    <None Include="source\Libraries\glm\glm\gtc\type_ptr.inl">
      <Filter>Header Files</Filter>
    </None>
    <None Include="source\Libraries\glm\glm\gtc\ulp.inl">
      <Filter>Header Files</Filter>
    </None>
    <None Include="source\Libraries\glm\glm\gtc\vec1.inl">
      <Filter>Header Files</Filter>
    </None>
    <None Include="source\Libraries\glm\glm\gtx\associated_min_max.inl">
      <Filter>Header Files</Filter>
    </None>
    <None Include="source\Libraries\glm\glm\gtx\bit.inl">
      <Filter>Header Files</Filter>
    </None>
    <None Include="source\Libraries\glm\glm\gtx\closest_point.inl">
      <Filter>Header Files</Filter>
    </None>
    <None Include="source\Libraries\glm\glm\gtx\color_encoding.inl">
      <Filter>Header Files</Filter>
    </None>
    <None Include="source\Libraries\glm\glm\gtx\color_space.inl">
      <Filter>Header Files</Filter>
    </None>
    <None Include="source\Libraries\glm\glm\gtx\color_space_YCoCg.inl">
      <Filter>Header Files</Filter>
    </None>
    <None Include="source\Libraries\glm\glm\gtx\common.inl">
      <Filter>Header Files</Filter>
    </None>
    <None Include="source\Libraries\glm\glm\gtx\compatibility.inl">
      <Filter>Header Files</Filter>
    </None>
    <None Include="source\Libraries\glm\glm\gtx\component_wise.inl">
      <Filter>Header Files</Filter>
    </None>
    <None Include="source\Libraries\glm\glm\gtx\dual_quaternion.inl">
      <Filter>Header Files</Filter>
    </None>
    <None Include="source\Libraries\glm\glm\gtx\easing.inl">
      <Filter>Header Files</Filter>
    </None>
    <None Include="source\Libraries\glm\glm\gtx\euler_angles.inl">
      <Filter>Header Files</Filter>
    </None>
    <None Include="source\Libraries\glm\glm\gtx\extend.inl">
      <Filter>Header Files</Filter>
    </None>
    <None Include="source\Libraries\glm\glm\gtx\extended_min_max.inl">
      <Filter>Header Files</Filter>
    </None>
    <None Include="source\Libraries\glm\glm\gtx\exterior_product.inl">
      <Filter>Header Files</Filter>
    </None>
    <None Include="source\Libraries\glm\glm\gtx\fast_exponential.inl">
      <Filter>Header Files</Filter>
    </None>
    <None Include="source\Libraries\glm\glm\gtx\fast_square_root.inl">
      <Filter>Header Files</Filter>
    </None>
    <None Include="source\Libraries\glm\glm\gtx\fast_trigonometry.inl">
      <Filter>Header Files</Filter>
    </None>
    <None Include="source\Libraries\glm\glm\gtx\float_notmalize.inl">
      <Filter>Header Files</Filter>
    </None>
    <None Include="source\Libraries\glm\glm\gtx\functions.inl">
      <Filter>Header Files</Filter>
    </None>
    <None Include="source\Libraries\glm\glm\gtx\gradient_paint.inl">
      <Filter>Header Files</Filter>
    </None>
    <None Include="source\Libraries\glm\glm\gtx\handed_coordinate_space.inl">
      <Filter>Header Files</Filter>
    </None>
    <None Include="source\Libraries\glm\glm\gtx\hash.inl">
      <Filter>Header Files</Filter>
    </None>
    <None Include="source\Libraries\glm\glm\gtx\integer.inl">
      <Filter>Header Files</Filter>
    </None>
    <None Include="source\Libraries\glm\glm\gtx\intersect.inl">
      <Filter>Header Files</Filter>
    </None>
    <None Include="source\Libraries\glm\glm\gtx\io.inl">
      <Filter>Header Files</Filter>
    </None>
    <None Include="source\Libraries\glm\glm\gtx\log_base.inl">
      <Filter>Header Files</Filter>
    </None>
    <None Include="source\Libraries\glm\glm\gtx\matrix_cross_product.inl">
      <Filter>Header Files</Filter>
    </None>
    <None Include="source\Libraries\glm\glm\gtx\matrix_decompose.inl">
      <Filter>Header Files</Filter>
    </None>
    <None Include="source\Libraries\glm\glm\gtx\matrix_factorisation.inl">
      <Filter>Header Files</Filter>
    </None>
    <None Include="source\Libraries\glm\glm\gtx\matrix_interpolation.inl">
      <Filter>Header Files</Filter>
    </None>
    <None Include="source\Libraries\glm\glm\gtx\matrix_major_storage.inl">
      <Filter>Header Files</Filter>
    </None>
    <None Include="source\Libraries\glm\glm\gtx\matrix_operation.inl">
      <Filter>Header Files</Filter>
    </None>
    <None Include="source\Libraries\glm\glm\gtx\matrix_query.inl">
      <Filter>Header Files</Filter>
    </None>
    <None Include="source\Libraries\glm\glm\gtx\matrix_transform_2d.inl">
      <Filter>Header Files</Filter>
    </None>
    <None Include="source\Libraries\glm\glm\gtx\mixed_product.inl">
      <Filter>Header Files</Filter>
    </None>
    <None Include="source\Libraries\glm\glm\gtx\norm.inl">
      <Filter>Header Files</Filter>
    </None>
    <None Include="source\Libraries\glm\glm\gtx\normal.inl">
      <Filter>Header Files</Filter>
    </None>
    <None Include="source\Libraries\glm\glm\gtx\normalize_dot.inl">
      <Filter>Header Files</Filter>
    </None>
    <None Include="source\Libraries\glm\glm\gtx\number_precision.inl">
      <Filter>Header Files</Filter>
    </None>
    <None Include="source\Libraries\glm\glm\gtx\optimum_pow.inl">
      <Filter>Header Files</Filter>
    </None>
    <None Include="source\Libraries\glm\glm\gtx\orthonormalize.inl">
      <Filter>Header Files</Filter>
    </None>
    <None Include="source\Libraries\glm\glm\gtx\perpendicular.inl">
      <Filter>Header Files</Filter>
    </None>
    <None Include="source\Libraries\glm\glm\gtx\polar_coordinates.inl">
      <Filter>Header Files</Filter>
    </None>
    <None Include="source\Libraries\glm\glm\gtx\projection.inl">
      <Filter>Header Files</Filter>
    </None>
    <None Include="source\Libraries\glm\glm\gtx\quaternion.inl">
      <Filter>Header Files</Filter>
    </None>
    <None Include="source\Libraries\glm\glm\gtx\raw_data.inl">
      <Filter>Header Files</Filter>
    </None>
    <None Include="source\Libraries\glm\glm\gtx\rotate_normalized_axis.inl">
      <Filter>Header Files</Filter>
    </None>
    <None Include="source\Libraries\glm\glm\gtx\rotate_vector.inl">
      <Filter>Header Files</Filter>
    </None>
    <None Include="source\Libraries\glm\glm\gtx\scalar_relational.inl">
      <Filter>Header Files</Filter>
    </None>
    <None Include="source\Libraries\glm\glm\gtx\spline.inl">
      <Filter>Header Files</Filter>
    </None>
    <None Include="source\Libraries\glm\glm\gtx\std_based_type.inl">
      <Filter>Header Files</Filter>
    </None>
    <None Include="source\Libraries\glm\glm\gtx\string_cast.inl">
      <Filter>Header Files</Filter>
    </None>
    <None Include="source\Libraries\glm\glm\gtx\texture.inl">
      <Filter>Header Files</Filter>
    </None>
    <None Include="source\Libraries\glm\glm\gtx\transform.inl">
      <Filter>Header Files</Filter>
    </None>
    <None Include="source\Libraries\glm\glm\gtx\transform2.inl">
      <Filter>Header Files</Filter>
    </None>
    <None Include="source\Libraries\glm\glm\gtx\type_aligned.inl">
      <Filter>Header Files</Filter>
    </None>
    <None Include="source\Libraries\glm\glm\gtx\type_trait.inl">
      <Filter>Header Files</Filter>
    </None>
    <None Include="source\Libraries\glm\glm\gtx\vector_angle.inl">
      <Filter>Header Files</Filter>
    </None>
    <None Include="source\Libraries\glm\glm\gtx\vector_query.inl">
      <Filter>Header Files</Filter>
    </None>
    <None Include="source\Libraries\glm\glm\gtx\wrap.inl">
      <Filter>Header Files</Filter>
    </None>
    <None Include="source\Libraries\glm\glm\detail\func_common.inl">
      <Filter>Header Files</Filter>
    </None>
    <None Include="source\Libraries\glm\glm\detail\func_common_simd.inl">
      <Filter>Header Files</Filter>
    </None>
    <None Include="source\Libraries\glm\glm\detail\func_exponential.inl">
      <Filter>Header Files</Filter>
    </None>
    <None Include="source\Libraries\glm\glm\detail\func_exponential_simd.inl">
      <Filter>Header Files</Filter>
    </None>
    <None Include="source\Libraries\glm\glm\detail\func_geometric.inl">
      <Filter>Header Files</Filter>
    </None>
    <None Include="source\Libraries\glm\glm\detail\func_geometric_simd.inl">
      <Filter>Header Files</Filter>
    </None>
    <None Include="source\Libraries\glm\glm\detail\func_integer.inl">
      <Filter>Header Files</Filter>
    </None>
    <None Include="source\Libraries\glm\glm\detail\func_integer_simd.inl">
      <Filter>Header Files</Filter>
    </None>
    <None Include="source\Libraries\glm\glm\detail\func_matrix.inl">
      <Filter>Header Files</Filter>
    </None>
    <None Include="source\Libraries\glm\glm\detail\func_matrix_simd.inl">
      <Filter>Header Files</Filter>
    </None>
    <None Include="source\Libraries\glm\glm\detail\func_packing.inl">
      <Filter>Header Files</Filter>
    </None>
    <None Include="source\Libraries\glm\glm\detail\func_packing_simd.inl">
      <Filter>Header Files</Filter>
    </None>
    <None Include="source\Libraries\glm\glm\detail\func_trigonometric.inl">
      <Filter>Header Files</Filter>
    </None>
    <None Include="source\Libraries\glm\glm\detail\func_trigonometric_simd.inl">
      <Filter>Header Files</Filter>
    </None>
    <None Include="source\Libraries\glm\glm\detail\func_vector_relational.inl">
      <Filter>Header Files</Filter>
    </None>
    <None Include="source\Libraries\glm\glm\detail\func_vector_relational_simd.inl">
      <Filter>Header Files</Filter>
    </None>
    <None Include="source\Libraries\glm\glm\detail\type_gentype.inl">
      <Filter>Header Files</Filter>
    </None>
    <None Include="source\Libraries\glm\glm\detail\type_half.inl">
      <Filter>Header Files</Filter>
    </None>
    <None Include="source\Libraries\glm\glm\detail\type_mat.inl">
      <Filter>Header Files</Filter>
    </None>
    <None Include="source\Libraries\glm\glm\detail\type_mat2x2.inl">
      <Filter>Header Files</Filter>
    </None>
    <None Include="source\Libraries\glm\glm\detail\type_mat2x3.inl">
      <Filter>Header Files</Filter>
    </None>
    <None Include="source\Libraries\glm\glm\detail\type_mat2x4.inl">
      <Filter>Header Files</Filter>
    </None>
    <None Include="source\Libraries\glm\glm\detail\type_mat3x2.inl">
      <Filter>Header Files</Filter>
    </None>
    <None Include="source\Libraries\glm\glm\detail\type_mat3x3.inl">
      <Filter>Header Files</Filter>
    </None>
    <None Include="source\Libraries\glm\glm\detail\type_mat3x4.inl">
      <Filter>Header Files</Filter>
    </None>
    <None Include="source\Libraries\glm\glm\detail\type_mat4x2.inl">
      <Filter>Header Files</Filter>
    </None>
    <None Include="source\Libraries\glm\glm\detail\type_mat4x3.inl">
      <Filter>Header Files</Filter>
    </None>
    <None Include="source\Libraries\glm\glm\detail\type_mat4x4.inl">
      <Filter>Header Files</Filter>
    </None>
    <None Include="source\Libraries\glm\glm\detail\type_mat4x4_simd.inl">
      <Filter>Header Files</Filter>
    </None>
    <None Include="source\Libraries\glm\glm\detail\type_vec.inl">
      <Filter>Header Files</Filter>
    </None>
    <None Include="source\Libraries\glm\glm\detail\type_vec1.inl">
      <Filter>Header Files</Filter>
    </None>
    <None Include="source\Libraries\glm\glm\detail\type_vec2.inl">
      <Filter>Header Files</Filter>
    </None>
    <None Include="source\Libraries\glm\glm\detail\type_vec3.inl">
      <Filter>Header Files</Filter>
    </None>
    <None Include="source\Libraries\glm\glm\detail\type_vec4.inl">
      <Filter>Header Files</Filter>
    </None>
    <None Include="source\Libraries\glm\glm\detail\type_vec4_simd.inl">
      <Filter>Header Files</Filter>
    </None>
  </ItemGroup>
</Project>