<?xml version="1.0" encoding="utf-8"?>
<Project ToolsVersion="4.0" xmlns="http://schemas.microsoft.com/developer/msbuild/2003">
  <ItemGroup>
    <Filter Include="Header Files">
      <UniqueIdentifier>{93995380-89BD-4b04-88EB-625FBE52EBFB}</UniqueIdentifier>
      <Extensions>h;hh;hpp;hxx;hm;inl;inc;ipp;xsd</Extensions>
    </Filter>
    <Filter Include="Resource Files">
      <UniqueIdentifier>{67DA6AB6-F800-4c08-8B7A-83BB121AAD01}</UniqueIdentifier>
      <Extensions>rc;ico;cur;bmp;dlg;rc2;rct;bin;rgs;gif;jpg;jpeg;jpe;resx;tiff;tif;png;wav;mfcribbon-ms</Extensions>
    </Filter>
    <Filter Include="Source Files">
      <UniqueIdentifier>{4FC737F1-C7A5-4376-A066-2A32D752A2FF}</UniqueIdentifier>
      <Extensions>cpp;c;cc;cxx;def;odl;idl;hpj;bat;asm;asmx</Extensions>
    </Filter>
  </ItemGroup>
  <ItemGroup>
    <ClCompile Include="source\code\Tester.cpp">
      <Filter>Source Files</Filter>
    </ClCompile>
    <ClCompile Include="source\code\GJK.cpp">
      <Filter>Source Files</Filter>
    </ClCompile>
    <ClCompile Include="source\code\Ray.cpp">
      <Filter>Source Files</Filter>
    </ClCompile>
    <ClCompile Include="source\code\GameTime.cpp">
      <Filter>Source Files</Filter>
    </ClCompile>
    <ClCompile Include="source\code\PrecompiledHeader.cpp">
      <Filter>Source Files</Filter>
    </ClCompile>
    <ClCompile Include="source\code\ParticleCollision.cpp">
      <Filter>Source Files</Filter>
    </ClCompile>
    <ClCompile Include="source\code\colliders\BoxCollider.cpp">
      <Filter>Source Files</Filter>
    </ClCompile>
    <ClCompile Include="source\code\colliders\CapsuleCollider.cpp">
      <Filter>Source Files</Filter>
    </ClCompile>
    <ClCompile Include="source\code\colliders\Collider.cpp">
      <Filter>Source Files</Filter>
    </ClCompile>
    <ClCompile Include="source\code\colliders\ConvexShapeCollider.cpp">
      <Filter>Source Files</Filter>
    </ClCompile>
    <ClCompile Include="source\code\colliders\SphereCollider.cpp">
      <Filter>Source Files</Filter>
    </ClCompile>
    <ClCompile Include="source\code\entities\Particle.cpp">
      <Filter>Source Files</Filter>
    </ClCompile>
    <ClCompile Include="source\code\entities\Rigidbody.cpp">
      <Filter>Source Files</Filter>
    </ClCompile>
    <ClCompile Include="source\code\log\LogManager.cpp">
      <Filter>Source Files</Filter>
    </ClCompile>
    <ClCompile Include="source\code\math\Mat3.cpp">
      <Filter>Source Files</Filter>
    </ClCompile>
    <ClCompile Include="source\code\math\Simplex.cpp">
      <Filter>Source Files</Filter>
    </ClCompile>
    <ClCompile Include="source\code\math\Vector3D.cpp">
      <Filter>Source Files</Filter>
    </ClCompile>
    <ClCompile Include="source\code\utils\CollisionUtil.cpp">
      <Filter>Source Files</Filter>
    </ClCompile>
    <ClCompile Include="source\code\utils\PhysicsUtil.cpp">
      <Filter>Source Files</Filter>
    </ClCompile>
    <ClCompile Include="source\code\ParticleCoupling.cpp">
      <Filter>Source Files</Filter>
    </ClCompile>
    <ClCompile Include="source\code\ParticleCollisionResolver.cpp">
      <Filter>Source Files</Filter>
    </ClCompile>
    <ClCompile Include="source\code\ParticleCableCoupling.cpp">
      <Filter>Source Files</Filter>
    </ClCompile>
    <ClCompile Include="source\code\ParticleManager.cpp">
      <Filter>Source Files</Filter>
    </ClCompile>
    <ClCompile Include="source\code\ParticleRodCoupling.cpp">
      <Filter>Source Files</Filter>
    </ClCompile>
    <ClCompile Include="source\code\forceGenerators\RigidbodyGenerators\rb_AnchoredSpringForceGenerator.cpp">
      <Filter>Source Files</Filter>
    </ClCompile>
    <ClCompile Include="source\code\forceGenerators\RigidbodyGenerators\rb_BungeeSpringForceGenerator.cpp">
      <Filter>Source Files</Filter>
    </ClCompile>
    <ClCompile Include="source\code\forceGenerators\RigidbodyGenerators\rb_BuoyancyForceGenerator.cpp">
      <Filter>Source Files</Filter>
    </ClCompile>
    <ClCompile Include="source\code\forceGenerators\RigidbodyGenerators\rb_DefaultSpringForceGenerator.cpp">
      <Filter>Source Files</Filter>
    </ClCompile>
    <ClCompile Include="source\code\forceGenerators\RigidbodyGenerators\rb_DragForceGenerator.cpp">
      <Filter>Source Files</Filter>
    </ClCompile>
    <ClCompile Include="source\code\forceGenerators\RigidbodyGenerators\rb_ForceGenerationRegistry.cpp">
      <Filter>Source Files</Filter>
    </ClCompile>
    <ClCompile Include="source\code\forceGenerators\RigidbodyGenerators\rb_GravityForceGenerator.cpp">
      <Filter>Source Files</Filter>
    </ClCompile>
    <ClCompile Include="source\code\forceGenerators\RigidbodyGenerators\rb_StiffSpringForceGenerator.cpp">
      <Filter>Source Files</Filter>
    </ClCompile>
    <ClCompile Include="source\code\forceGenerators\ParticleGenerators\p_AnchoredSpringForceGenerator.cpp">
      <Filter>Source Files</Filter>
    </ClCompile>
    <ClCompile Include="source\code\forceGenerators\ParticleGenerators\p_BungeeSpringForceGenerator.cpp">
      <Filter>Source Files</Filter>
    </ClCompile>
    <ClCompile Include="source\code\forceGenerators\ParticleGenerators\p_BuoyancyForceGenerator.cpp">
      <Filter>Source Files</Filter>
    </ClCompile>
    <ClCompile Include="source\code\forceGenerators\ParticleGenerators\p_DefaultSpringForceGenerator.cpp">
      <Filter>Source Files</Filter>
    </ClCompile>
    <ClCompile Include="source\code\forceGenerators\ParticleGenerators\p_DragForceGenerator.cpp">
      <Filter>Source Files</Filter>
    </ClCompile>
    <ClCompile Include="source\code\forceGenerators\ParticleGenerators\p_GravityForceGenerator.cpp">
      <Filter>Source Files</Filter>
    </ClCompile>
    <ClCompile Include="source\code\forceGenerators\ParticleGenerators\p_StiffSpringForceGenerator.cpp">
      <Filter>Source Files</Filter>
    </ClCompile>
    <ClCompile Include="source\code\forceGenerators\ParticleGenerators\p_ForceGenerationRegistry.cpp">
      <Filter>Source Files</Filter>
    </ClCompile>
    <ClCompile Include="source\code\entities\Body.cpp">
      <Filter>Source Files</Filter>
    </ClCompile>
    <ClCompile Include="source\code\RigidbodyManager.cpp">
      <Filter>Source Files</Filter>
    </ClCompile>
    <ClCompile Include="source\code\colliders\BVHNode.cpp">
      <Filter>Source Files</Filter>
    </ClCompile>
    <ClCompile Include="source\code\colliders\CollisionSystem.cpp">
      <Filter>Source Files</Filter>
    </ClCompile>
    <ClCompile Include="source\Libraries\glad\src\glad.c">
      <Filter>Source Files</Filter>
    </ClCompile>
    <ClCompile Include="source\Renderer\Shader.cpp">
      <Filter>Source Files</Filter>
    </ClCompile>
    <ClCompile Include="source\Renderer\SimpleRenderer.cpp">
      <Filter>Source Files</Filter>
    </ClCompile>
    <ClCompile Include="source\Renderer\Camera.cpp">
      <Filter>Source Files</Filter>
    </ClCompile>
    <ClCompile Include="source\Renderer\Window.cpp">
      <Filter>Source Files</Filter>
    </ClCompile>
    <ClCompile Include="source\Demos\CollisionDemo.cpp">
      <Filter>Source Files</Filter>
    </ClCompile>
    <ClCompile Include="source\Demos\ProjectileDemo.cpp">
      <Filter>Source Files</Filter>
    </ClCompile>
    <ClCompile Include="source\Demos\PhysicsDemos.cpp">
      <Filter>Source Files</Filter>
    </ClCompile>
    <ClCompile Include="source\Renderer\Input\InputSystem.cpp">
      <Filter>Source Files</Filter>
    </ClCompile>
    <ClCompile Include="source\Demos\Demo.cpp">
      <Filter>Source Files</Filter>
    </ClCompile>
    <ClCompile Include="source\Renderer\Application.cpp">
      <Filter>Source Files</Filter>
    </ClCompile>
  </ItemGroup>
  <ItemGroup>
    <ClInclude Include="source\headers\Defs.h">
      <Filter>Header Files</Filter>
    </ClInclude>
    <ClInclude Include="source\headers\MTRX.h">
      <Filter>Header Files</Filter>
    </ClInclude>
    <ClInclude Include="source\headers\GJK.h">
      <Filter>Header Files</Filter>
    </ClInclude>
    <ClInclude Include="source\headers\Ray.h">
      <Filter>Header Files</Filter>
    </ClInclude>
    <ClInclude Include="source\headers\GameTime.h">
      <Filter>Header Files</Filter>
    </ClInclude>
    <ClInclude Include="source\headers\IUpdateable.h">
      <Filter>Header Files</Filter>
    </ClInclude>
    <ClInclude Include="source\headers\PrecompiledHeader.h">
      <Filter>Header Files</Filter>
    </ClInclude>
    <ClInclude Include="source\headers\ParticleCollision.h">
      <Filter>Header Files</Filter>
    </ClInclude>
    <ClInclude Include="source\headers\colliders\BoxCollider.h">
      <Filter>Header Files</Filter>
    </ClInclude>
    <ClInclude Include="source\headers\colliders\CapsuleCollider.h">
      <Filter>Header Files</Filter>
    </ClInclude>
    <ClInclude Include="source\headers\colliders\Collider.h">
      <Filter>Header Files</Filter>
    </ClInclude>
    <ClInclude Include="source\headers\colliders\ConvexShapeCollider.h">
      <Filter>Header Files</Filter>
    </ClInclude>
    <ClInclude Include="source\headers\colliders\SphereCollider.h">
      <Filter>Header Files</Filter>
    </ClInclude>
    <ClInclude Include="source\headers\entities\Particle.h">
      <Filter>Header Files</Filter>
    </ClInclude>
    <ClInclude Include="source\headers\entities\Rigidbody.h">
      <Filter>Header Files</Filter>
    </ClInclude>
    <ClInclude Include="source\headers\log\LogManager.h">
      <Filter>Header Files</Filter>
    </ClInclude>
    <ClInclude Include="source\headers\math\Mat3.h">
      <Filter>Header Files</Filter>
    </ClInclude>
    <ClInclude Include="source\headers\math\Simplex.h">
      <Filter>Header Files</Filter>
    </ClInclude>
    <ClInclude Include="source\headers\math\Vector3D.h">
      <Filter>Header Files</Filter>
    </ClInclude>
    <ClInclude Include="source\headers\utils\CollisionUtil.h">
      <Filter>Header Files</Filter>
    </ClInclude>
    <ClInclude Include="source\headers\utils\PhysicsUtil.h">
      <Filter>Header Files</Filter>
    </ClInclude>
    <ClInclude Include="source\headers\ParticleCollisionResolver.h">
      <Filter>Header Files</Filter>
    </ClInclude>
    <ClInclude Include="source\headers\ParticleCoupling.h">
      <Filter>Header Files</Filter>
    </ClInclude>
    <ClInclude Include="source\headers\ParticleCableCoupling.h">
      <Filter>Header Files</Filter>
    </ClInclude>
    <ClInclude Include="source\headers\ParticleCollisionGenerator.h">
      <Filter>Header Files</Filter>
    </ClInclude>
    <ClInclude Include="source\headers\ParticleManager.h">
      <Filter>Header Files</Filter>
    </ClInclude>
    <ClInclude Include="source\headers\ParticleRodCoupling.h">
      <Filter>Header Files</Filter>
    </ClInclude>
    <ClInclude Include="source\headers\entities\Body.h">
      <Filter>Header Files</Filter>
    </ClInclude>
    <ClInclude Include="source\headers\forceGenerators\RigidbodyGenerators\IRigidbodyForceGenerator.h">
      <Filter>Header Files</Filter>
    </ClInclude>
    <ClInclude Include="source\headers\forceGenerators\RigidbodyGenerators\rb_BungeeSpringForceGenerator.h">
      <Filter>Header Files</Filter>
    </ClInclude>
    <ClInclude Include="source\headers\forceGenerators\RigidbodyGenerators\rb_AnchoredSpringForceGenerator.h">
      <Filter>Header Files</Filter>
    </ClInclude>
    <ClInclude Include="source\headers\forceGenerators\RigidbodyGenerators\rb_GravityForceGenerator.h">
      <Filter>Header Files</Filter>
    </ClInclude>
    <ClInclude Include="source\headers\forceGenerators\RigidbodyGenerators\rb_ForceGenerationRegistry.h">
      <Filter>Header Files</Filter>
    </ClInclude>
    <ClInclude Include="source\headers\forceGenerators\RigidbodyGenerators\rb_DragForceGenerator.h">
      <Filter>Header Files</Filter>
    </ClInclude>
    <ClInclude Include="source\headers\forceGenerators\RigidbodyGenerators\rb_DefaultSpringForceGenerator.h">
      <Filter>Header Files</Filter>
    </ClInclude>
    <ClInclude Include="source\headers\forceGenerators\RigidbodyGenerators\rb_BuoyancyForceGenerator.h">
      <Filter>Header Files</Filter>
    </ClInclude>
    <ClInclude Include="source\headers\forceGenerators\RigidbodyGenerators\rb_StiffSpringForceGenerator.h">
      <Filter>Header Files</Filter>
    </ClInclude>
    <ClInclude Include="source\headers\forceGenerators\ParticleGenerators\IParticleForceGenerator.h">
      <Filter>Header Files</Filter>
    </ClInclude>
    <ClInclude Include="source\headers\forceGenerators\ParticleGenerators\p_AnchoredSpringForceGenerator.h">
      <Filter>Header Files</Filter>
    </ClInclude>
    <ClInclude Include="source\headers\forceGenerators\ParticleGenerators\p_BungeeSpringForceGenerator.h">
      <Filter>Header Files</Filter>
    </ClInclude>
    <ClInclude Include="source\headers\forceGenerators\ParticleGenerators\p_BuoyancyForceGenerator.h">
      <Filter>Header Files</Filter>
    </ClInclude>
    <ClInclude Include="source\headers\forceGenerators\ParticleGenerators\p_DefaultSpringForceGenerator.h">
      <Filter>Header Files</Filter>
    </ClInclude>
    <ClInclude Include="source\headers\forceGenerators\ParticleGenerators\p_DragForceGenerator.h">
      <Filter>Header Files</Filter>
    </ClInclude>
    <ClInclude Include="source\headers\forceGenerators\ParticleGenerators\p_ForceGenerationRegistry.h">
      <Filter>Header Files</Filter>
    </ClInclude>
    <ClInclude Include="source\headers\forceGenerators\ParticleGenerators\p_GravityForceGenerator.h">
      <Filter>Header Files</Filter>
    </ClInclude>
    <ClInclude Include="source\headers\forceGenerators\ParticleGenerators\p_StiffSpringForceGenerator.h">
      <Filter>Header Files</Filter>
    </ClInclude>
    <ClInclude Include="source\headers\RigidbodyManager.h">
      <Filter>Header Files</Filter>
    </ClInclude>
    <ClInclude Include="source\headers\IBoundingVolume.h">
      <Filter>Header Files</Filter>
    </ClInclude>
    <ClInclude Include="source\headers\colliders\BVHNode.h">
      <Filter>Header Files</Filter>
    </ClInclude>
    <ClInclude Include="source\headers\colliders\CollisionSystem.h">
      <Filter>Header Files</Filter>
    </ClInclude>
    <ClInclude Include="source\Libraries\glad\include\glad\glad.h">
      <Filter>Header Files</Filter>
    </ClInclude>
    <ClInclude Include="source\Renderer\Window.h">
      <Filter>Header Files</Filter>
    </ClInclude>
    <ClInclude Include="source\Renderer\Shader.h">
      <Filter>Header Files</Filter>
    </ClInclude>
    <ClInclude Include="source\Renderer\SimpleRenderer.h">
      <Filter>Header Files</Filter>
    </ClInclude>
    <ClInclude Include="source\Renderer\Camera.h">
      <Filter>Header Files</Filter>
    </ClInclude>
    <ClInclude Include="source\Demos\ProjectileDemo.h">
      <Filter>Header Files</Filter>
    </ClInclude>
    <ClInclude Include="source\Demos\CollisionDemo.h">
      <Filter>Header Files</Filter>
    </ClInclude>
    <ClInclude Include="source\Renderer\Input\InputSystem.h">
      <Filter>Header Files</Filter>
    </ClInclude>
    <ClInclude Include="source\Demos\Demo.h">
      <Filter>Header Files</Filter>
    </ClInclude>
    <ClInclude Include="source\Renderer\Application.h">
      <Filter>Header Files</Filter>
    </ClInclude>
  </ItemGroup>
  <ItemGroup>
    <None Include="source\Renderer\shaders\BlinnPhong.vert" />
    <None Include="source\Renderer\shaders\BlinnPhong.frag" />
  </ItemGroup>
</Project>